
Microsoft Visual Studio Solution File, Format Version 12.00
# Visual Studio Version 16
VisualStudioVersion = 16.0.30204.135
MinimumVisualStudioVersion = 10.0.40219.1
Project("{FAE04EC0-301F-11D3-BF4B-00C04F79EFBC}") = "PluginNew", "PluginNew\PluginNew.csproj", "{C3C694BE-F587-4597-84C4-EE785AB9368F}"
EndProject
Global
	GlobalSection(SolutionConfigurationPlatforms) = preSolution
		Debug|Any CPU = Debug|Any CPU
		Release|Any CPU = Release|Any CPU
	EndGlobalSection
	GlobalSection(ProjectConfigurationPlatforms) = postSolution
		{C3C694BE-F587-4597-84C4-EE785AB9368F}.Debug|Any CPU.ActiveCfg = Debug|Any CPU
		{C3C694BE-F587-4597-84C4-EE785AB9368F}.Debug|Any CPU.Build.0 = Debug|Any CPU
		{C3C694BE-F587-4597-84C4-EE785AB9368F}.Release|Any CPU.ActiveCfg = Release|Any CPU
		{C3C694BE-F587-4597-84C4-EE785AB9368F}.Release|Any CPU.Build.0 = Release|Any CPU
	EndGlobalSection
	GlobalSection(SolutionProperties) = preSolution
		HideSolutionNode = FALSE
	EndGlobalSection
	GlobalSection(ExtensibilityGlobals) = postSolution
		SolutionGuid = {D8588A40-ED93-42CE-AEED-9AE10A26D34D}
	EndGlobalSection
EndGlobal
