
Microsoft Visual Studio Solution File, Format Version 12.00
# Visual Studio Version 16
VisualStudioVersion = 16.0.30204.135
MinimumVisualStudioVersion = 10.0.40219.1
Project("{FAE04EC0-301F-11D3-BF4B-00C04F79EFBC}") = "Assignment_5", "Assignment_5\Assignment_5.csproj", "{15FEC5BA-BCC7-40E4-B8F3-7FF2608B18B5}"
EndProject
Global
	GlobalSection(SolutionConfigurationPlatforms) = preSolution
		Debug|Any CPU = Debug|Any CPU
		Release|Any CPU = Release|Any CPU
	EndGlobalSection
	GlobalSection(ProjectConfigurationPlatforms) = postSolution
		{15FEC5BA-BCC7-40E4-B8F3-7FF2608B18B5}.Debug|Any CPU.ActiveCfg = Debug|Any CPU
		{15FEC5BA-BCC7-40E4-B8F3-7FF2608B18B5}.Debug|Any CPU.Build.0 = Debug|Any CPU
		{15FEC5BA-BCC7-40E4-B8F3-7FF2608B18B5}.Release|Any CPU.ActiveCfg = Release|Any CPU
		{15FEC5BA-BCC7-40E4-B8F3-7FF2608B18B5}.Release|Any CPU.Build.0 = Release|Any CPU
	EndGlobalSection
	GlobalSection(SolutionProperties) = preSolution
		HideSolutionNode = FALSE
	EndGlobalSection
	GlobalSection(ExtensibilityGlobals) = postSolution
		SolutionGuid = {02C4CACF-0CA5-442E-B06A-34A4E4E593EF}
	EndGlobalSection
EndGlobal
