
Microsoft Visual Studio Solution File, Format Version 12.00
# Visual Studio Version 16
VisualStudioVersion = 16.0.30204.135
MinimumVisualStudioVersion = 10.0.40219.1
Project("{FAE04EC0-301F-11D3-BF4B-00C04F79EFBC}") = "Bank_Program", "Bank_Program\Bank_Program.csproj", "{834961A5-3353-4FCB-9416-3E0AB8A33B08}"
EndProject
Global
	GlobalSection(SolutionConfigurationPlatforms) = preSolution
		Debug|Any CPU = Debug|Any CPU
		Release|Any CPU = Release|Any CPU
	EndGlobalSection
	GlobalSection(ProjectConfigurationPlatforms) = postSolution
		{834961A5-3353-4FCB-9416-3E0AB8A33B08}.Debug|Any CPU.ActiveCfg = Debug|Any CPU
		{834961A5-3353-4FCB-9416-3E0AB8A33B08}.Debug|Any CPU.Build.0 = Debug|Any CPU
		{834961A5-3353-4FCB-9416-3E0AB8A33B08}.Release|Any CPU.ActiveCfg = Release|Any CPU
		{834961A5-3353-4FCB-9416-3E0AB8A33B08}.Release|Any CPU.Build.0 = Release|Any CPU
	EndGlobalSection
	GlobalSection(SolutionProperties) = preSolution
		HideSolutionNode = FALSE
	EndGlobalSection
	GlobalSection(ExtensibilityGlobals) = postSolution
		SolutionGuid = {FCAE1301-D9ED-4080-9FED-2462631FC284}
	EndGlobalSection
EndGlobal
