
Microsoft Visual Studio Solution File, Format Version 12.00
# Visual Studio Version 16
VisualStudioVersion = 16.0.30204.135
MinimumVisualStudioVersion = 10.0.40219.1
Project("{FAE04EC0-301F-11D3-BF4B-00C04F79EFBC}") = "App", "App\App.csproj", "{DA43F33D-0CBD-4B96-8DD0-B716F9D2D7EA}"
EndProject
Project("{FAE04EC0-301F-11D3-BF4B-00C04F79EFBC}") = "ClassLibrary2", "ClassLibrary2\ClassLibrary2.csproj", "{49B36444-06F6-40F2-9C35-FD6FC2A8031D}"
EndProject
Global
	GlobalSection(SolutionConfigurationPlatforms) = preSolution
		Debug|Any CPU = Debug|Any CPU
		Release|Any CPU = Release|Any CPU
	EndGlobalSection
	GlobalSection(ProjectConfigurationPlatforms) = postSolution
		{DA43F33D-0CBD-4B96-8DD0-B716F9D2D7EA}.Debug|Any CPU.ActiveCfg = Debug|Any CPU
		{DA43F33D-0CBD-4B96-8DD0-B716F9D2D7EA}.Debug|Any CPU.Build.0 = Debug|Any CPU
		{DA43F33D-0CBD-4B96-8DD0-B716F9D2D7EA}.Release|Any CPU.ActiveCfg = Release|Any CPU
		{DA43F33D-0CBD-4B96-8DD0-B716F9D2D7EA}.Release|Any CPU.Build.0 = Release|Any CPU
		{49B36444-06F6-40F2-9C35-FD6FC2A8031D}.Debug|Any CPU.ActiveCfg = Debug|Any CPU
		{49B36444-06F6-40F2-9C35-FD6FC2A8031D}.Debug|Any CPU.Build.0 = Debug|Any CPU
		{49B36444-06F6-40F2-9C35-FD6FC2A8031D}.Release|Any CPU.ActiveCfg = Release|Any CPU
		{49B36444-06F6-40F2-9C35-FD6FC2A8031D}.Release|Any CPU.Build.0 = Release|Any CPU
	EndGlobalSection
	GlobalSection(SolutionProperties) = preSolution
		HideSolutionNode = FALSE
	EndGlobalSection
	GlobalSection(ExtensibilityGlobals) = postSolution
		SolutionGuid = {EE4D803F-ED6A-4A01-9ADE-624F4F426EBD}
	EndGlobalSection
EndGlobal
