
Microsoft Visual Studio Solution File, Format Version 12.00
# Visual Studio Version 16
VisualStudioVersion = 16.0.30204.135
MinimumVisualStudioVersion = 10.0.40219.1
Project("{FAE04EC0-301F-11D3-BF4B-00C04F79EFBC}") = "PluginempSalary", "PluginempSalary\PluginempSalary.csproj", "{4CE99E15-ADE4-4DA9-B2E7-DFC104FA8392}"
EndProject
Global
	GlobalSection(SolutionConfigurationPlatforms) = preSolution
		Debug|Any CPU = Debug|Any CPU
		Release|Any CPU = Release|Any CPU
	EndGlobalSection
	GlobalSection(ProjectConfigurationPlatforms) = postSolution
		{4CE99E15-ADE4-4DA9-B2E7-DFC104FA8392}.Debug|Any CPU.ActiveCfg = Debug|Any CPU
		{4CE99E15-ADE4-4DA9-B2E7-DFC104FA8392}.Debug|Any CPU.Build.0 = Debug|Any CPU
		{4CE99E15-ADE4-4DA9-B2E7-DFC104FA8392}.Release|Any CPU.ActiveCfg = Release|Any CPU
		{4CE99E15-ADE4-4DA9-B2E7-DFC104FA8392}.Release|Any CPU.Build.0 = Release|Any CPU
	EndGlobalSection
	GlobalSection(SolutionProperties) = preSolution
		HideSolutionNode = FALSE
	EndGlobalSection
	GlobalSection(ExtensibilityGlobals) = postSolution
		SolutionGuid = {4DAA492C-4B10-42AF-8F9E-72EE4AF2DF2B}
	EndGlobalSection
EndGlobal
