
Microsoft Visual Studio Solution File, Format Version 12.00
# Visual Studio Version 16
VisualStudioVersion = 16.0.30204.135
MinimumVisualStudioVersion = 10.0.40219.1
Project("{FAE04EC0-301F-11D3-BF4B-00C04F79EFBC}") = "MethodOverriding_Example", "MethodOverriding_Example\MethodOverriding_Example.csproj", "{8C28E4F6-22BE-4DBF-8338-34B7D307AA9F}"
EndProject
Global
	GlobalSection(SolutionConfigurationPlatforms) = preSolution
		Debug|Any CPU = Debug|Any CPU
		Release|Any CPU = Release|Any CPU
	EndGlobalSection
	GlobalSection(ProjectConfigurationPlatforms) = postSolution
		{8C28E4F6-22BE-4DBF-8338-34B7D307AA9F}.Debug|Any CPU.ActiveCfg = Debug|Any CPU
		{8C28E4F6-22BE-4DBF-8338-34B7D307AA9F}.Debug|Any CPU.Build.0 = Debug|Any CPU
		{8C28E4F6-22BE-4DBF-8338-34B7D307AA9F}.Release|Any CPU.ActiveCfg = Release|Any CPU
		{8C28E4F6-22BE-4DBF-8338-34B7D307AA9F}.Release|Any CPU.Build.0 = Release|Any CPU
	EndGlobalSection
	GlobalSection(SolutionProperties) = preSolution
		HideSolutionNode = FALSE
	EndGlobalSection
	GlobalSection(ExtensibilityGlobals) = postSolution
		SolutionGuid = {95BD962A-2EE6-4F22-959F-A81810B2F838}
	EndGlobalSection
EndGlobal
