
Microsoft Visual Studio Solution File, Format Version 12.00
# Visual Studio Version 16
VisualStudioVersion = 16.0.30204.135
MinimumVisualStudioVersion = 10.0.40219.1
Project("{FAE04EC0-301F-11D3-BF4B-00C04F79EFBC}") = "Assignment_4", "Assignment_4\Assignment_4.csproj", "{EC280DD4-DC10-4AC3-AB5F-C70FA88872AA}"
EndProject
Global
	GlobalSection(SolutionConfigurationPlatforms) = preSolution
		Debug|Any CPU = Debug|Any CPU
		Release|Any CPU = Release|Any CPU
	EndGlobalSection
	GlobalSection(ProjectConfigurationPlatforms) = postSolution
		{EC280DD4-DC10-4AC3-AB5F-C70FA88872AA}.Debug|Any CPU.ActiveCfg = Debug|Any CPU
		{EC280DD4-DC10-4AC3-AB5F-C70FA88872AA}.Debug|Any CPU.Build.0 = Debug|Any CPU
		{EC280DD4-DC10-4AC3-AB5F-C70FA88872AA}.Release|Any CPU.ActiveCfg = Release|Any CPU
		{EC280DD4-DC10-4AC3-AB5F-C70FA88872AA}.Release|Any CPU.Build.0 = Release|Any CPU
	EndGlobalSection
	GlobalSection(SolutionProperties) = preSolution
		HideSolutionNode = FALSE
	EndGlobalSection
	GlobalSection(ExtensibilityGlobals) = postSolution
		SolutionGuid = {DA9E6028-D107-4FE2-A37F-C08D70563C5C}
	EndGlobalSection
EndGlobal
